
Microsoft Visual Studio Solution File, Format Version 12.00
# Visual Studio Version 16
VisualStudioVersion = 16.0.29519.87
MinimumVisualStudioVersion = 10.0.40219.1
Project("{FAE04EC0-301F-11D3-BF4B-00C04F79EFBC}") = "TestGrpc", "TestGrpc\TestGrpc.csproj", "{D91E6F41-54B3-4B3E-81EA-723301B680AE}"
EndProject
Project("{FAE04EC0-301F-11D3-BF4B-00C04F79EFBC}") = "GrpcTestClient", "GrpcTestClient\GrpcTestClient.csproj", "{39618DA5-6E22-4D18-9A78-E51F358D7EB0}"
EndProject
Global
	GlobalSection(SolutionConfigurationPlatforms) = preSolution
		Debug|Any CPU = Debug|Any CPU
		Release|Any CPU = Release|Any CPU
	EndGlobalSection
	GlobalSection(ProjectConfigurationPlatforms) = postSolution
		{D91E6F41-54B3-4B3E-81EA-723301B680AE}.Debug|Any CPU.ActiveCfg = Debug|Any CPU
		{D91E6F41-54B3-4B3E-81EA-723301B680AE}.Debug|Any CPU.Build.0 = Debug|Any CPU
		{D91E6F41-54B3-4B3E-81EA-723301B680AE}.Release|Any CPU.ActiveCfg = Release|Any CPU
		{D91E6F41-54B3-4B3E-81EA-723301B680AE}.Release|Any CPU.Build.0 = Release|Any CPU
		{39618DA5-6E22-4D18-9A78-E51F358D7EB0}.Debug|Any CPU.ActiveCfg = Debug|Any CPU
		{39618DA5-6E22-4D18-9A78-E51F358D7EB0}.Debug|Any CPU.Build.0 = Debug|Any CPU
		{39618DA5-6E22-4D18-9A78-E51F358D7EB0}.Release|Any CPU.ActiveCfg = Release|Any CPU
		{39618DA5-6E22-4D18-9A78-E51F358D7EB0}.Release|Any CPU.Build.0 = Release|Any CPU
	EndGlobalSection
	GlobalSection(SolutionProperties) = preSolution
		HideSolutionNode = FALSE
	EndGlobalSection
	GlobalSection(ExtensibilityGlobals) = postSolution
		SolutionGuid = {D8008EE9-73F1-409C-B851-F849842CEDFA}
	EndGlobalSection
EndGlobal
